
Microsoft Visual Studio Solution File, Format Version 12.00
# Visual Studio Version 17
VisualStudioVersion = 17.9.34607.119
MinimumVisualStudioVersion = 10.0.40219.1
Project("{FAE04EC0-301F-11D3-BF4B-00C04F79EFBC}") = "1. Single Responsibility Principle", "Single Responsibility Principle\1. Single Responsibility Principle.csproj", "{7284AD0D-025D-44D9-BFC4-F99B5FCC35B2}"
EndProject
Project("{2150E333-8FDC-42A3-9474-1A3956D46DE8}") = "Section 1 - The SOLID Design Principles", "Section 1 - The SOLID Design Principles", "{A4E030CF-DA61-42C1-BDD6-B8ECDFCCB890}"
EndProject
Project("{FAE04EC0-301F-11D3-BF4B-00C04F79EFBC}") = "2. Open-Closed Principle", "Open-Closed Principle\2. Open-Closed Principle.csproj", "{D568A0EE-BCEB-4A93-986D-43AA0ED573CE}"
EndProject
Global
	GlobalSection(SolutionConfigurationPlatforms) = preSolution
		Debug|Any CPU = Debug|Any CPU
		Release|Any CPU = Release|Any CPU
	EndGlobalSection
	GlobalSection(ProjectConfigurationPlatforms) = postSolution
		{7284AD0D-025D-44D9-BFC4-F99B5FCC35B2}.Debug|Any CPU.ActiveCfg = Debug|Any CPU
		{7284AD0D-025D-44D9-BFC4-F99B5FCC35B2}.Debug|Any CPU.Build.0 = Debug|Any CPU
		{7284AD0D-025D-44D9-BFC4-F99B5FCC35B2}.Release|Any CPU.ActiveCfg = Release|Any CPU
		{7284AD0D-025D-44D9-BFC4-F99B5FCC35B2}.Release|Any CPU.Build.0 = Release|Any CPU
		{D568A0EE-BCEB-4A93-986D-43AA0ED573CE}.Debug|Any CPU.ActiveCfg = Debug|Any CPU
		{D568A0EE-BCEB-4A93-986D-43AA0ED573CE}.Debug|Any CPU.Build.0 = Debug|Any CPU
		{D568A0EE-BCEB-4A93-986D-43AA0ED573CE}.Release|Any CPU.ActiveCfg = Release|Any CPU
		{D568A0EE-BCEB-4A93-986D-43AA0ED573CE}.Release|Any CPU.Build.0 = Release|Any CPU
	EndGlobalSection
	GlobalSection(SolutionProperties) = preSolution
		HideSolutionNode = FALSE
	EndGlobalSection
	GlobalSection(NestedProjects) = preSolution
		{7284AD0D-025D-44D9-BFC4-F99B5FCC35B2} = {A4E030CF-DA61-42C1-BDD6-B8ECDFCCB890}
		{D568A0EE-BCEB-4A93-986D-43AA0ED573CE} = {A4E030CF-DA61-42C1-BDD6-B8ECDFCCB890}
	EndGlobalSection
	GlobalSection(ExtensibilityGlobals) = postSolution
		SolutionGuid = {DC69F2AE-E780-4443-894A-3074B31EF5EF}
	EndGlobalSection
EndGlobal
